// !$*UTF8*$!
{
	archiveVersion = 1;
	classes = {
	};
	objectVersion = 46;
	objects = {

/* Begin PBXBuildFile section */
		090D285A1657F896002ECE01 /* AppDelegate.m in Sources */ = {isa = PBXBuildFile; fileRef = 090D28441657F896002ECE01 /* AppDelegate.m */; };
		090D285B1657F896002ECE01 /* ColorSpaceConversion-Info.plist in Resources */ = {isa = PBXBuildFile; fileRef = 090D28451657F896002ECE01 /* ColorSpaceConversion-Info.plist */; };
		090D285D1657F896002ECE01 /* InfoPlist.strings in Resources */ = {isa = PBXBuildFile; fileRef = 090D284A1657F896002ECE01 /* InfoPlist.strings */; };
		090D285E1657F896002ECE01 /* MainStoryboard.storyboard in Resources */ = {isa = PBXBuildFile; fileRef = 090D284C1657F896002ECE01 /* MainStoryboard.storyboard */; };
		090D285F1657F896002ECE01 /* InfoPlist.strings in Resources */ = {isa = PBXBuildFile; fileRef = 090D284E1657F896002ECE01 /* InfoPlist.strings */; };
		090D28601657F896002ECE01 /* MainStoryboard.storyboard in Resources */ = {isa = PBXBuildFile; fileRef = 090D28501657F896002ECE01 /* MainStoryboard.storyboard */; };
		090D28611657F896002ECE01 /* fruits.jpg in Resources */ = {isa = PBXBuildFile; fileRef = 090D28521657F896002ECE01 /* fruits.jpg */; };
		090D28621657F896002ECE01 /* main.m in Sources */ = {isa = PBXBuildFile; fileRef = 090D28531657F896002ECE01 /* main.m */; };
		090D28631657F896002ECE01 /* opencv-logo57.png in Resources */ = {isa = PBXBuildFile; fileRef = 090D28541657F896002ECE01 /* opencv-logo57.png */; };
		090D28641657F896002ECE01 /* opencv-logo114.png in Resources */ = {isa = PBXBuildFile; fileRef = 090D28551657F896002ECE01 /* opencv-logo114.png */; };
		090D28651657F896002ECE01 /* UIImageCVMatConverter.mm in Sources */ = {isa = PBXBuildFile; fileRef = 090D28571657F896002ECE01 /* UIImageCVMatConverter.mm */; };
		090D28661657F896002ECE01 /* ViewController.mm in Sources */ = {isa = PBXBuildFile; fileRef = 090D28591657F896002ECE01 /* ViewController.mm */; };
		098BAE86169CE30B006EDF5A /* opencv2.framework in Frameworks */ = {isa = PBXBuildFile; fileRef = 098BAE85169CE30B006EDF5A /* opencv2.framework */; };
		099AC32F1624580D00E12E63 /* Default-568h@2x.png in Resources */ = {isa = PBXBuildFile; fileRef = 099AC32E1624580D00E12E63 /* Default-568h@2x.png */; };
		873082AE1754082500B271D4 /* hand_skin_test_3_back_1.JPG in Resources */ = {isa = PBXBuildFile; fileRef = 873082AD1754082500B271D4 /* hand_skin_test_3_back_1.JPG */; };
		87A1FBD8170F503C004FEEF0 /* rottest.jpg in Resources */ = {isa = PBXBuildFile; fileRef = 87A1FBD7170F503C004FEEF0 /* rottest.jpg */; };
		B553DE831581157500855F6F /* UIKit.framework in Frameworks */ = {isa = PBXBuildFile; fileRef = B553DE821581157500855F6F /* UIKit.framework */; };
		B553DE851581157500855F6F /* Foundation.framework in Frameworks */ = {isa = PBXBuildFile; fileRef = B553DE841581157500855F6F /* Foundation.framework */; };
		B553DE871581157500855F6F /* CoreGraphics.framework in Frameworks */ = {isa = PBXBuildFile; fileRef = B553DE861581157500855F6F /* CoreGraphics.framework */; };
/* End PBXBuildFile section */

/* Begin PBXFileReference section */
		090D28431657F896002ECE01 /* AppDelegate.h */ = {isa = PBXFileReference; fileEncoding = 4; lastKnownFileType = sourcecode.c.h; name = AppDelegate.h; path = ColorSpaceConversion/AppDelegate.h; sourceTree = SOURCE_ROOT; };
		090D28441657F896002ECE01 /* AppDelegate.m */ = {isa = PBXFileReference; fileEncoding = 4; lastKnownFileType = sourcecode.c.objc; name = AppDelegate.m; path = ColorSpaceConversion/AppDelegate.m; sourceTree = SOURCE_ROOT; };
		090D28451657F896002ECE01 /* ColorSpaceConversion-Info.plist */ = {isa = PBXFileReference; fileEncoding = 4; lastKnownFileType = text.plist.xml; name = "ColorSpaceConversion-Info.plist"; path = "ColorSpaceConversion/ColorSpaceConversion-Info.plist"; sourceTree = SOURCE_ROOT; };
		090D28461657F896002ECE01 /* ColorSpaceConversion-Prefix.pch */ = {isa = PBXFileReference; fileEncoding = 4; lastKnownFileType = sourcecode.c.h; name = "ColorSpaceConversion-Prefix.pch"; path = "ColorSpaceConversion/ColorSpaceConversion-Prefix.pch"; sourceTree = SOURCE_ROOT; };
		090D284B1657F896002ECE01 /* en */ = {isa = PBXFileReference; lastKnownFileType = text.plist.strings; name = en; path = InfoPlist.strings; sourceTree = "<group>"; };
		090D284D1657F896002ECE01 /* en */ = {isa = PBXFileReference; lastKnownFileType = file.storyboard; name = en; path = MainStoryboard.storyboard; sourceTree = "<group>"; };
		090D284F1657F896002ECE01 /* en */ = {isa = PBXFileReference; lastKnownFileType = text.plist.strings; name = en; path = ColorSpaceConversion/en.lproj/InfoPlist.strings; sourceTree = SOURCE_ROOT; };
		090D28511657F896002ECE01 /* en */ = {isa = PBXFileReference; lastKnownFileType = file.storyboard; name = en; path = ColorSpaceConversion/en.lproj/MainStoryboard.storyboard; sourceTree = SOURCE_ROOT; };
		090D28521657F896002ECE01 /* fruits.jpg */ = {isa = PBXFileReference; lastKnownFileType = image.jpeg; name = fruits.jpg; path = ColorSpaceConversion/fruits.jpg; sourceTree = SOURCE_ROOT; };
		090D28531657F896002ECE01 /* main.m */ = {isa = PBXFileReference; fileEncoding = 4; lastKnownFileType = sourcecode.c.objc; name = main.m; path = ColorSpaceConversion/main.m; sourceTree = SOURCE_ROOT; };
		090D28541657F896002ECE01 /* opencv-logo57.png */ = {isa = PBXFileReference; lastKnownFileType = image.png; name = "opencv-logo57.png"; path = "ColorSpaceConversion/opencv-logo57.png"; sourceTree = SOURCE_ROOT; };
		090D28551657F896002ECE01 /* opencv-logo114.png */ = {isa = PBXFileReference; lastKnownFileType = image.png; name = "opencv-logo114.png"; path = "ColorSpaceConversion/opencv-logo114.png"; sourceTree = SOURCE_ROOT; };
		090D28561657F896002ECE01 /* UIImageCVMatConverter.h */ = {isa = PBXFileReference; fileEncoding = 4; lastKnownFileType = sourcecode.c.h; name = UIImageCVMatConverter.h; path = ColorSpaceConversion/UIImageCVMatConverter.h; sourceTree = SOURCE_ROOT; };
		090D28571657F896002ECE01 /* UIImageCVMatConverter.mm */ = {isa = PBXFileReference; fileEncoding = 4; lastKnownFileType = sourcecode.cpp.objcpp; name = UIImageCVMatConverter.mm; path = ColorSpaceConversion/UIImageCVMatConverter.mm; sourceTree = SOURCE_ROOT; };
		090D28581657F896002ECE01 /* ViewController.h */ = {isa = PBXFileReference; fileEncoding = 4; lastKnownFileType = sourcecode.c.h; name = ViewController.h; path = ColorSpaceConversion/ViewController.h; sourceTree = SOURCE_ROOT; };
		090D28591657F896002ECE01 /* ViewController.mm */ = {isa = PBXFileReference; fileEncoding = 4; lastKnownFileType = sourcecode.cpp.objcpp; name = ViewController.mm; path = ColorSpaceConversion/ViewController.mm; sourceTree = SOURCE_ROOT; };
		098BAE85169CE30B006EDF5A /* opencv2.framework */ = {isa = PBXFileReference; lastKnownFileType = wrapper.framework; name = opencv2.framework; path = ../../openCV_Dev/ios/opencv2.framework; sourceTree = "<group>"; };
		099AC32E1624580D00E12E63 /* Default-568h@2x.png */ = {isa = PBXFileReference; lastKnownFileType = image.png; path = "Default-568h@2x.png"; sourceTree = "<group>"; };
		09DD3347167B6E7D0006C37B /* libc++.1.dylib */ = {isa = PBXFileReference; lastKnownFileType = "compiled.mach-o.dylib"; name = "libc++.1.dylib"; path = "usr/lib/libc++.1.dylib"; sourceTree = SDKROOT; };
		09DD3348167B6E7D0006C37B /* libc++.dylib */ = {isa = PBXFileReference; lastKnownFileType = "compiled.mach-o.dylib"; name = "libc++.dylib"; path = "usr/lib/libc++.dylib"; sourceTree = SDKROOT; };
		09DD3349167B6E7D0006C37B /* libc++abi.dylib */ = {isa = PBXFileReference; lastKnownFileType = "compiled.mach-o.dylib"; name = "libc++abi.dylib"; path = "usr/lib/libc++abi.dylib"; sourceTree = SDKROOT; };
		873082AD1754082500B271D4 /* hand_skin_test_3_back_1.JPG */ = {isa = PBXFileReference; lastKnownFileType = image.jpeg; path = hand_skin_test_3_back_1.JPG; sourceTree = "<group>"; };
		87A1FBD7170F503C004FEEF0 /* rottest.jpg */ = {isa = PBXFileReference; lastKnownFileType = image.jpeg; path = rottest.jpg; sourceTree = "<group>"; };
		B553DE7E1581157500855F6F /* ColorSpaceConversion.app */ = {isa = PBXFileReference; explicitFileType = wrapper.application; includeInIndex = 0; path = ColorSpaceConversion.app; sourceTree = BUILT_PRODUCTS_DIR; };
		B553DE821581157500855F6F /* UIKit.framework */ = {isa = PBXFileReference; lastKnownFileType = wrapper.framework; name = UIKit.framework; path = System/Library/Frameworks/UIKit.framework; sourceTree = SDKROOT; };
		B553DE841581157500855F6F /* Foundation.framework */ = {isa = PBXFileReference; lastKnownFileType = wrapper.framework; name = Foundation.framework; path = System/Library/Frameworks/Foundation.framework; sourceTree = SDKROOT; };
		B553DE861581157500855F6F /* CoreGraphics.framework */ = {isa = PBXFileReference; lastKnownFileType = wrapper.framework; name = CoreGraphics.framework; path = System/Library/Frameworks/CoreGraphics.framework; sourceTree = SDKROOT; };
/* End PBXFileReference section */

/* Begin PBXFrameworksBuildPhase section */
		B553DE7B1581157500855F6F /* Frameworks */ = {
			isa = PBXFrameworksBuildPhase;
			buildActionMask = 2147483647;
			files = (
				B553DE831581157500855F6F /* UIKit.framework in Frameworks */,
				B553DE851581157500855F6F /* Foundation.framework in Frameworks */,
				B553DE871581157500855F6F /* CoreGraphics.framework in Frameworks */,
				098BAE86169CE30B006EDF5A /* opencv2.framework in Frameworks */,
			);
			runOnlyForDeploymentPostprocessing = 0;
		};
/* End PBXFrameworksBuildPhase section */

/* Begin PBXGroup section */
		090D28491657F896002ECE01 /* en.lproj */ = {
			isa = PBXGroup;
			children = (
				090D284A1657F896002ECE01 /* InfoPlist.strings */,
				090D284C1657F896002ECE01 /* MainStoryboard.storyboard */,
			);
			name = en.lproj;
			path = ColorSpaceConversion/en.lproj;
			sourceTree = SOURCE_ROOT;
		};
		B553DE731581157400855F6F = {
			isa = PBXGroup;
			children = (
				099AC32E1624580D00E12E63 /* Default-568h@2x.png */,
				B553DE881581157500855F6F /* ColorSpaceConversion */,
				B553DE811581157500855F6F /* Frameworks */,
				B553DE7F1581157500855F6F /* Products */,
			);
			sourceTree = "<group>";
		};
		B553DE7F1581157500855F6F /* Products */ = {
			isa = PBXGroup;
			children = (
				B553DE7E1581157500855F6F /* ColorSpaceConversion.app */,
			);
			name = Products;
			sourceTree = "<group>";
		};
		B553DE811581157500855F6F /* Frameworks */ = {
			isa = PBXGroup;
			children = (
				09DD3347167B6E7D0006C37B /* libc++.1.dylib */,
				098BAE85169CE30B006EDF5A /* opencv2.framework */,
				09DD3348167B6E7D0006C37B /* libc++.dylib */,
				09DD3349167B6E7D0006C37B /* libc++abi.dylib */,
				B553DE821581157500855F6F /* UIKit.framework */,
				B553DE841581157500855F6F /* Foundation.framework */,
				B553DE861581157500855F6F /* CoreGraphics.framework */,
			);
			name = Frameworks;
			sourceTree = "<group>";
		};
		B553DE881581157500855F6F /* ColorSpaceConversion */ = {
			isa = PBXGroup;
			children = (
				090D28431657F896002ECE01 /* AppDelegate.h */,
				090D28441657F896002ECE01 /* AppDelegate.m */,
				090D28491657F896002ECE01 /* en.lproj */,
				090D28561657F896002ECE01 /* UIImageCVMatConverter.h */,
				090D28571657F896002ECE01 /* UIImageCVMatConverter.mm */,
				090D28581657F896002ECE01 /* ViewController.h */,
				090D28591657F896002ECE01 /* ViewController.mm */,
				B553DE891581157500855F6F /* Supporting Files */,
			);
			path = ColorSpaceConversion;
			sourceTree = "<group>";
		};
		B553DE891581157500855F6F /* Supporting Files */ = {
			isa = PBXGroup;
			children = (
				090D284E1657F896002ECE01 /* InfoPlist.strings */,
				87A1FBD7170F503C004FEEF0 /* rottest.jpg */,
				873082AD1754082500B271D4 /* hand_skin_test_3_back_1.JPG */,
				090D28501657F896002ECE01 /* MainStoryboard.storyboard */,
				090D28521657F896002ECE01 /* fruits.jpg */,
				090D28531657F896002ECE01 /* main.m */,
				090D28541657F896002ECE01 /* opencv-logo57.png */,
				090D28551657F896002ECE01 /* opencv-logo114.png */,
				090D28451657F896002ECE01 /* ColorSpaceConversion-Info.plist */,
				090D28461657F896002ECE01 /* ColorSpaceConversion-Prefix.pch */,
			);
			name = "Supporting Files";
			sourceTree = "<group>";
		};
/* End PBXGroup section */

/* Begin PBXNativeTarget section */
		B553DE7D1581157500855F6F /* ColorSpaceConversion */ = {
			isa = PBXNativeTarget;
			buildConfigurationList = B553DE9C1581157500855F6F /* Build configuration list for PBXNativeTarget "ColorSpaceConversion" */;
			buildPhases = (
				B553DE7A1581157500855F6F /* Sources */,
				B553DE7B1581157500855F6F /* Frameworks */,
				B553DE7C1581157500855F6F /* Resources */,
			);
			buildRules = (
			);
			dependencies = (
			);
			name = ColorSpaceConversion;
			productName = ColorSpaceConversion;
			productReference = B553DE7E1581157500855F6F /* ColorSpaceConversion.app */;
			productType = "com.apple.product-type.application";
		};
/* End PBXNativeTarget section */

/* Begin PBXProject section */
		B553DE751581157400855F6F /* Project object */ = {
			isa = PBXProject;
			attributes = {
				LastUpgradeCheck = 0430;
				ORGANIZATIONNAME = "University of Houston - Main Campus";
			};
			buildConfigurationList = B553DE781581157400855F6F /* Build configuration list for PBXProject "ColorSpaceConversion" */;
			compatibilityVersion = "Xcode 3.2";
			developmentRegion = English;
			hasScannedForEncodings = 0;
			knownRegions = (
				en,
			);
			mainGroup = B553DE731581157400855F6F;
			productRefGroup = B553DE7F1581157500855F6F /* Products */;
			projectDirPath = "";
			projectRoot = "";
			targets = (
				B553DE7D1581157500855F6F /* ColorSpaceConversion */,
			);
		};
/* End PBXProject section */

/* Begin PBXResourcesBuildPhase section */
		B553DE7C1581157500855F6F /* Resources */ = {
			isa = PBXResourcesBuildPhase;
			buildActionMask = 2147483647;
			files = (
				099AC32F1624580D00E12E63 /* Default-568h@2x.png in Resources */,
				090D285B1657F896002ECE01 /* ColorSpaceConversion-Info.plist in Resources */,
				090D285D1657F896002ECE01 /* InfoPlist.strings in Resources */,
				090D285E1657F896002ECE01 /* MainStoryboard.storyboard in Resources */,
				090D285F1657F896002ECE01 /* InfoPlist.strings in Resources */,
				090D28601657F896002ECE01 /* MainStoryboard.storyboard in Resources */,
				090D28611657F896002ECE01 /* fruits.jpg in Resources */,
				090D28631657F896002ECE01 /* opencv-logo57.png in Resources */,
				090D28641657F896002ECE01 /* opencv-logo114.png in Resources */,
				87A1FBD8170F503C004FEEF0 /* rottest.jpg in Resources */,
				873082AE1754082500B271D4 /* hand_skin_test_3_back_1.JPG in Resources */,
			);
			runOnlyForDeploymentPostprocessing = 0;
		};
/* End PBXResourcesBuildPhase section */

/* Begin PBXSourcesBuildPhase section */
		B553DE7A1581157500855F6F /* Sources */ = {
			isa = PBXSourcesBuildPhase;
			buildActionMask = 2147483647;
			files = (
				090D285A1657F896002ECE01 /* AppDelegate.m in Sources */,
				090D28621657F896002ECE01 /* main.m in Sources */,
				090D28651657F896002ECE01 /* UIImageCVMatConverter.mm in Sources */,
				090D28661657F896002ECE01 /* ViewController.mm in Sources */,
			);
			runOnlyForDeploymentPostprocessing = 0;
		};
/* End PBXSourcesBuildPhase section */

/* Begin PBXVariantGroup section */
		090D284A1657F896002ECE01 /* InfoPlist.strings */ = {
			isa = PBXVariantGroup;
			children = (
				090D284B1657F896002ECE01 /* en */,
			);
			name = InfoPlist.strings;
			sourceTree = "<group>";
		};
		090D284C1657F896002ECE01 /* MainStoryboard.storyboard */ = {
			isa = PBXVariantGroup;
			children = (
				090D284D1657F896002ECE01 /* en */,
			);
			name = MainStoryboard.storyboard;
			sourceTree = "<group>";
		};
		090D284E1657F896002ECE01 /* InfoPlist.strings */ = {
			isa = PBXVariantGroup;
			children = (
				090D284F1657F896002ECE01 /* en */,
			);
			name = InfoPlist.strings;
			sourceTree = "<group>";
		};
		090D28501657F896002ECE01 /* MainStoryboard.storyboard */ = {
			isa = PBXVariantGroup;
			children = (
				090D28511657F896002ECE01 /* en */,
			);
			name = MainStoryboard.storyboard;
			sourceTree = "<group>";
		};
/* End PBXVariantGroup section */

/* Begin XCBuildConfiguration section */
		B553DE9A1581157500855F6F /* Debug */ = {
			isa = XCBuildConfiguration;
			buildSettings = {
				ALWAYS_SEARCH_USER_PATHS = NO;
				ARCHS = "$(ARCHS_STANDARD_32_BIT)";
				CLANG_CXX_LANGUAGE_STANDARD = "c++0x";
				CLANG_CXX_LIBRARY = "libc++";
				CLANG_ENABLE_OBJC_ARC = YES;
				"CODE_SIGN_IDENTITY[sdk=iphoneos*]" = "iPhone Developer";
				COPY_PHASE_STRIP = NO;
				"FRAMEWORK_SEARCH_PATHS[arch=*]" = "";
				GCC_C_LANGUAGE_STANDARD = "compiler-default";
				GCC_DYNAMIC_NO_PIC = NO;
				GCC_OPTIMIZATION_LEVEL = 0;
				GCC_PREPROCESSOR_DEFINITIONS = (
					"DEBUG=1",
					"$(inherited)",
				);
				GCC_SYMBOLS_PRIVATE_EXTERN = NO;
				GCC_VERSION = com.apple.compilers.llvm.clang.1_0;
				GCC_WARN_ABOUT_RETURN_TYPE = YES;
				GCC_WARN_UNINITIALIZED_AUTOS = YES;
				GCC_WARN_UNUSED_VARIABLE = YES;
				IPHONEOS_DEPLOYMENT_TARGET = 6.0;
				SDKROOT = iphoneos6.1;
				SUPPORTED_PLATFORMS = "iphonesimulator iphoneos";
			};
			name = Debug;
		};
		B553DE9B1581157500855F6F /* Release */ = {
			isa = XCBuildConfiguration;
			buildSettings = {
				ALWAYS_SEARCH_USER_PATHS = NO;
				ARCHS = "$(ARCHS_STANDARD_32_BIT)";
				CLANG_CXX_LANGUAGE_STANDARD = "c++0x";
				CLANG_CXX_LIBRARY = "libc++";
				CLANG_ENABLE_OBJC_ARC = YES;
				"CODE_SIGN_IDENTITY[sdk=iphoneos*]" = "iPhone Developer";
				COPY_PHASE_STRIP = YES;
				"FRAMEWORK_SEARCH_PATHS[arch=*]" = "";
				GCC_C_LANGUAGE_STANDARD = "compiler-default";
				GCC_VERSION = com.apple.compilers.llvm.clang.1_0;
				GCC_WARN_ABOUT_RETURN_TYPE = YES;
				GCC_WARN_UNINITIALIZED_AUTOS = YES;
				GCC_WARN_UNUSED_VARIABLE = YES;
				IPHONEOS_DEPLOYMENT_TARGET = 6.0;
				OTHER_CFLAGS = "-DNS_BLOCK_ASSERTIONS=1";
				SDKROOT = iphoneos6.1;
				SUPPORTED_PLATFORMS = "iphonesimulator iphoneos";
				VALIDATE_PRODUCT = YES;
			};
			name = Release;
		};
		B553DE9D1581157500855F6F /* Debug */ = {
			isa = XCBuildConfiguration;
			buildSettings = {
				ALWAYS_SEARCH_USER_PATHS = NO;
				CLANG_CXX_LANGUAGE_STANDARD = "c++0x";
				CLANG_CXX_LIBRARY = "libc++";
				FRAMEWORK_SEARCH_PATHS = (
					"$(inherited)",
					"\"$(SRCROOT)/../../openCV_Dev/ios\"",
					"\"$(SRCROOT)/../../openCV_Dev\"",
				);
				"FRAMEWORK_SEARCH_PATHS[arch=*]" = "$(inherited)";
				GCC_C_LANGUAGE_STANDARD = "compiler-default";
				GCC_PRECOMPILE_PREFIX_HEADER = YES;
				GCC_PREFIX_HEADER = "ColorSpaceConversion/ColorSpaceConversion-Prefix.pch";
				HEADER_SEARCH_PATHS = "$(inherited)";
				"HEADER_SEARCH_PATHS[arch=*]" = "$(inherited)";
				INFOPLIST_FILE = "ColorSpaceConversion/ColorSpaceConversion-info.plist";
				LIBRARY_SEARCH_PATHS = "$(inherited)";
				"LIBRARY_SEARCH_PATHS[arch=*]" = "$(inherited)";
				OTHER_LDFLAGS = "";
				PRODUCT_NAME = ColorSpaceConversion;
				WRAPPER_EXTENSION = app;
			};
			name = Debug;
		};
		B553DE9E1581157500855F6F /* Release */ = {
			isa = XCBuildConfiguration;
			buildSettings = {
				ALWAYS_SEARCH_USER_PATHS = NO;
				CLANG_CXX_LANGUAGE_STANDARD = "c++0x";
				CLANG_CXX_LIBRARY = "libc++";
				FRAMEWORK_SEARCH_PATHS = (
					"$(inherited)",
					"\"$(SRCROOT)/../../openCV_Dev/ios\"",
					"\"$(SRCROOT)/../../openCV_Dev\"",
				);
				"FRAMEWORK_SEARCH_PATHS[arch=*]" = "$(inherited)";
				GCC_C_LANGUAGE_STANDARD = "compiler-default";
				GCC_PRECOMPILE_PREFIX_HEADER = YES;
				GCC_PREFIX_HEADER = "ColorSpaceConversion/ColorSpaceConversion-Prefix.pch";
				HEADER_SEARCH_PATHS = "$(inherited)";
				"HEADER_SEARCH_PATHS[arch=*]" = "$(inherited)";
				INFOPLIST_FILE = "ColorSpaceConversion/ColorSpaceConversion-info.plist";
				LIBRARY_SEARCH_PATHS = "$(inherited)";
				"LIBRARY_SEARCH_PATHS[arch=*]" = "$(inherited)";
				OTHER_LDFLAGS = "";
				PRODUCT_NAME = ColorSpaceConversion;
				WRAPPER_EXTENSION = app;
			};
			name = Release;
		};
/* End XCBuildConfiguration section */

/* Begin XCConfigurationList section */
		B553DE781581157400855F6F /* Build configuration list for PBXProject "ColorSpaceConversion" */ = {
			isa = XCConfigurationList;
			buildConfigurations = (
				B553DE9A1581157500855F6F /* Debug */,
				B553DE9B1581157500855F6F /* Release */,
			);
			defaultConfigurationIsVisible = 0;
			defaultConfigurationName = Release;
		};
		B553DE9C1581157500855F6F /* Build configuration list for PBXNativeTarget "ColorSpaceConversion" */ = {
			isa = XCConfigurationList;
			buildConfigurations = (
				B553DE9D1581157500855F6F /* Debug */,
				B553DE9E1581157500855F6F /* Release */,
			);
			defaultConfigurationIsVisible = 0;
			defaultConfigurationName = Release;
		};
/* End XCConfigurationList section */
	};
	rootObject = B553DE751581157400855F6F /* Project object */;
}
