// !$*UTF8*$!
{
	archiveVersion = 1;
	classes = {
	};
	objectVersion = 46;
	objects = {

/* Begin PBXBuildFile section */
		090D285A1657F896002ECE01 /* AppDelegate.m in Sources */ = {isa = PBXBuildFile; fileRef = 090D28441657F896002ECE01 /* AppDelegate.m */; };
		090D285B1657F896002ECE01 /* ColorSpaceConversion-Info.plist in Resources */ = {isa = PBXBuildFile; fileRef = 090D28451657F896002ECE01 /* ColorSpaceConversion-Info.plist */; };
		090D285C1657F896002ECE01 /* ColorSpaceMaker.cpp in Sources */ = {isa = PBXBuildFile; fileRef = 090D28471657F896002ECE01 /* ColorSpaceMaker.cpp */; };
		090D285D1657F896002ECE01 /* InfoPlist.strings in Resources */ = {isa = PBXBuildFile; fileRef = 090D284A1657F896002ECE01 /* InfoPlist.strings */; };
		090D285E1657F896002ECE01 /* MainStoryboard.storyboard in Resources */ = {isa = PBXBuildFile; fileRef = 090D284C1657F896002ECE01 /* MainStoryboard.storyboard */; };
		090D285F1657F896002ECE01 /* InfoPlist.strings in Resources */ = {isa = PBXBuildFile; fileRef = 090D284E1657F896002ECE01 /* InfoPlist.strings */; };
		090D28601657F896002ECE01 /* MainStoryboard.storyboard in Resources */ = {isa = PBXBuildFile; fileRef = 090D28501657F896002ECE01 /* MainStoryboard.storyboard */; };
		090D28611657F896002ECE01 /* fruits.jpg in Resources */ = {isa = PBXBuildFile; fileRef = 090D28521657F896002ECE01 /* fruits.jpg */; };
		090D28621657F896002ECE01 /* main.m in Sources */ = {isa = PBXBuildFile; fileRef = 090D28531657F896002ECE01 /* main.m */; };
		090D28631657F896002ECE01 /* opencv-logo57.png in Resources */ = {isa = PBXBuildFile; fileRef = 090D28541657F896002ECE01 /* opencv-logo57.png */; };
		090D28641657F896002ECE01 /* opencv-logo114.png in Resources */ = {isa = PBXBuildFile; fileRef = 090D28551657F896002ECE01 /* opencv-logo114.png */; };
		090D28651657F896002ECE01 /* UIImageCVMatConverter.mm in Sources */ = {isa = PBXBuildFile; fileRef = 090D28571657F896002ECE01 /* UIImageCVMatConverter.mm */; };
		090D28661657F896002ECE01 /* ViewController.mm in Sources */ = {isa = PBXBuildFile; fileRef = 090D28591657F896002ECE01 /* ViewController.mm */; };
		090D28791657FF3F002ECE01 /* opencv2.framework in Frameworks */ = {isa = PBXBuildFile; fileRef = 090D28781657FF3F002ECE01 /* opencv2.framework */; };
		099AC32F1624580D00E12E63 /* Default-568h@2x.png in Resources */ = {isa = PBXBuildFile; fileRef = 099AC32E1624580D00E12E63 /* Default-568h@2x.png */; };
		09F05FED1676B2FC00EA34B0 /* accum.cpp in Sources */ = {isa = PBXBuildFile; fileRef = 09F05FC31676B2FC00EA34B0 /* accum.cpp */; };
		09F05FEE1676B2FC00EA34B0 /* approx.cpp in Sources */ = {isa = PBXBuildFile; fileRef = 09F05FC41676B2FC00EA34B0 /* approx.cpp */; };
		09F05FEF1676B2FC00EA34B0 /* canny.cpp in Sources */ = {isa = PBXBuildFile; fileRef = 09F05FC51676B2FC00EA34B0 /* canny.cpp */; };
		09F05FF01676B2FC00EA34B0 /* color.cpp in Sources */ = {isa = PBXBuildFile; fileRef = 09F05FC61676B2FC00EA34B0 /* color.cpp */; };
		09F05FF11676B2FC00EA34B0 /* contours.cpp in Sources */ = {isa = PBXBuildFile; fileRef = 09F05FC71676B2FC00EA34B0 /* contours.cpp */; };
		09F05FF21676B2FC00EA34B0 /* convhull.cpp in Sources */ = {isa = PBXBuildFile; fileRef = 09F05FC81676B2FC00EA34B0 /* convhull.cpp */; };
		09F05FF31676B2FC00EA34B0 /* corner.cpp in Sources */ = {isa = PBXBuildFile; fileRef = 09F05FC91676B2FC00EA34B0 /* corner.cpp */; };
		09F05FF41676B2FC00EA34B0 /* cornersubpix.cpp in Sources */ = {isa = PBXBuildFile; fileRef = 09F05FCA1676B2FC00EA34B0 /* cornersubpix.cpp */; };
		09F05FF51676B2FC00EA34B0 /* deriv.cpp in Sources */ = {isa = PBXBuildFile; fileRef = 09F05FCB1676B2FC00EA34B0 /* deriv.cpp */; };
		09F05FF61676B2FC00EA34B0 /* distransform.cpp in Sources */ = {isa = PBXBuildFile; fileRef = 09F05FCC1676B2FC00EA34B0 /* distransform.cpp */; };
		09F05FF71676B2FC00EA34B0 /* emd.cpp in Sources */ = {isa = PBXBuildFile; fileRef = 09F05FCD1676B2FC00EA34B0 /* emd.cpp */; };
		09F05FF81676B2FC00EA34B0 /* featureselect.cpp in Sources */ = {isa = PBXBuildFile; fileRef = 09F05FCE1676B2FC00EA34B0 /* featureselect.cpp */; };
		09F05FF91676B2FC00EA34B0 /* filter.cpp in Sources */ = {isa = PBXBuildFile; fileRef = 09F05FCF1676B2FC00EA34B0 /* filter.cpp */; };
		09F05FFA1676B2FC00EA34B0 /* floodfill.cpp in Sources */ = {isa = PBXBuildFile; fileRef = 09F05FD01676B2FC00EA34B0 /* floodfill.cpp */; };
		09F05FFB1676B2FC00EA34B0 /* gabor.cpp in Sources */ = {isa = PBXBuildFile; fileRef = 09F05FD11676B2FC00EA34B0 /* gabor.cpp */; };
		09F05FFC1676B2FC00EA34B0 /* generalized_hough.cpp in Sources */ = {isa = PBXBuildFile; fileRef = 09F05FD31676B2FC00EA34B0 /* generalized_hough.cpp */; };
		09F05FFD1676B2FC00EA34B0 /* geometry.cpp in Sources */ = {isa = PBXBuildFile; fileRef = 09F05FD41676B2FC00EA34B0 /* geometry.cpp */; };
		09F05FFE1676B2FC00EA34B0 /* grabcut.cpp in Sources */ = {isa = PBXBuildFile; fileRef = 09F05FD51676B2FC00EA34B0 /* grabcut.cpp */; };
		09F05FFF1676B2FC00EA34B0 /* histogram.cpp in Sources */ = {isa = PBXBuildFile; fileRef = 09F05FD61676B2FC00EA34B0 /* histogram.cpp */; };
		09F060001676B2FC00EA34B0 /* hough.cpp in Sources */ = {isa = PBXBuildFile; fileRef = 09F05FD71676B2FC00EA34B0 /* hough.cpp */; };
		09F060011676B2FC00EA34B0 /* imgwarp.cpp in Sources */ = {isa = PBXBuildFile; fileRef = 09F05FD81676B2FC00EA34B0 /* imgwarp.cpp */; };
		09F060021676B2FC00EA34B0 /* linefit.cpp in Sources */ = {isa = PBXBuildFile; fileRef = 09F05FD91676B2FC00EA34B0 /* linefit.cpp */; };
		09F060031676B2FC00EA34B0 /* matchcontours.cpp in Sources */ = {isa = PBXBuildFile; fileRef = 09F05FDA1676B2FC00EA34B0 /* matchcontours.cpp */; };
		09F060041676B2FC00EA34B0 /* moments.cpp in Sources */ = {isa = PBXBuildFile; fileRef = 09F05FDB1676B2FC00EA34B0 /* moments.cpp */; };
		09F060051676B2FC00EA34B0 /* morph.cpp in Sources */ = {isa = PBXBuildFile; fileRef = 09F05FDC1676B2FC00EA34B0 /* morph.cpp */; };
		09F060061676B2FC00EA34B0 /* phasecorr.cpp in Sources */ = {isa = PBXBuildFile; fileRef = 09F05FDD1676B2FC00EA34B0 /* phasecorr.cpp */; };
		09F060071676B2FC00EA34B0 /* precomp.cpp in Sources */ = {isa = PBXBuildFile; fileRef = 09F05FDE1676B2FC00EA34B0 /* precomp.cpp */; };
		09F060081676B2FC00EA34B0 /* pyramids.cpp in Sources */ = {isa = PBXBuildFile; fileRef = 09F05FE01676B2FC00EA34B0 /* pyramids.cpp */; };
		09F060091676B2FC00EA34B0 /* rotcalipers.cpp in Sources */ = {isa = PBXBuildFile; fileRef = 09F05FE11676B2FC00EA34B0 /* rotcalipers.cpp */; };
		09F0600A1676B2FC00EA34B0 /* samplers.cpp in Sources */ = {isa = PBXBuildFile; fileRef = 09F05FE21676B2FC00EA34B0 /* samplers.cpp */; };
		09F0600B1676B2FC00EA34B0 /* segmentation.cpp in Sources */ = {isa = PBXBuildFile; fileRef = 09F05FE31676B2FC00EA34B0 /* segmentation.cpp */; };
		09F0600C1676B2FC00EA34B0 /* shapedescr.cpp in Sources */ = {isa = PBXBuildFile; fileRef = 09F05FE41676B2FC00EA34B0 /* shapedescr.cpp */; };
		09F0600D1676B2FC00EA34B0 /* smooth.cpp in Sources */ = {isa = PBXBuildFile; fileRef = 09F05FE51676B2FC00EA34B0 /* smooth.cpp */; };
		09F0600E1676B2FC00EA34B0 /* subdivision2d.cpp in Sources */ = {isa = PBXBuildFile; fileRef = 09F05FE61676B2FC00EA34B0 /* subdivision2d.cpp */; };
		09F0600F1676B2FC00EA34B0 /* sumpixels.cpp in Sources */ = {isa = PBXBuildFile; fileRef = 09F05FE71676B2FC00EA34B0 /* sumpixels.cpp */; };
		09F060101676B2FC00EA34B0 /* tables.cpp in Sources */ = {isa = PBXBuildFile; fileRef = 09F05FE81676B2FC00EA34B0 /* tables.cpp */; };
		09F060111676B2FC00EA34B0 /* templmatch.cpp in Sources */ = {isa = PBXBuildFile; fileRef = 09F05FE91676B2FC00EA34B0 /* templmatch.cpp */; };
		09F060121676B2FC00EA34B0 /* thresh.cpp in Sources */ = {isa = PBXBuildFile; fileRef = 09F05FEA1676B2FC00EA34B0 /* thresh.cpp */; };
		09F060131676B2FC00EA34B0 /* undistort.cpp in Sources */ = {isa = PBXBuildFile; fileRef = 09F05FEB1676B2FC00EA34B0 /* undistort.cpp */; };
		09F060141676B2FC00EA34B0 /* utils.cpp in Sources */ = {isa = PBXBuildFile; fileRef = 09F05FEC1676B2FC00EA34B0 /* utils.cpp */; };
		B553DE831581157500855F6F /* UIKit.framework in Frameworks */ = {isa = PBXBuildFile; fileRef = B553DE821581157500855F6F /* UIKit.framework */; };
		B553DE851581157500855F6F /* Foundation.framework in Frameworks */ = {isa = PBXBuildFile; fileRef = B553DE841581157500855F6F /* Foundation.framework */; };
		B553DE871581157500855F6F /* CoreGraphics.framework in Frameworks */ = {isa = PBXBuildFile; fileRef = B553DE861581157500855F6F /* CoreGraphics.framework */; };
/* End PBXBuildFile section */

/* Begin PBXFileReference section */
		090D28431657F896002ECE01 /* AppDelegate.h */ = {isa = PBXFileReference; fileEncoding = 4; lastKnownFileType = sourcecode.c.h; name = AppDelegate.h; path = ColorSpaceConversion/AppDelegate.h; sourceTree = SOURCE_ROOT; };
		090D28441657F896002ECE01 /* AppDelegate.m */ = {isa = PBXFileReference; fileEncoding = 4; lastKnownFileType = sourcecode.c.objc; name = AppDelegate.m; path = ColorSpaceConversion/AppDelegate.m; sourceTree = SOURCE_ROOT; };
		090D28451657F896002ECE01 /* ColorSpaceConversion-Info.plist */ = {isa = PBXFileReference; fileEncoding = 4; lastKnownFileType = text.plist.xml; name = "ColorSpaceConversion-Info.plist"; path = "ColorSpaceConversion/ColorSpaceConversion-Info.plist"; sourceTree = SOURCE_ROOT; };
		090D28461657F896002ECE01 /* ColorSpaceConversion-Prefix.pch */ = {isa = PBXFileReference; fileEncoding = 4; lastKnownFileType = sourcecode.c.h; name = "ColorSpaceConversion-Prefix.pch"; path = "ColorSpaceConversion/ColorSpaceConversion-Prefix.pch"; sourceTree = SOURCE_ROOT; };
		090D28471657F896002ECE01 /* ColorSpaceMaker.cpp */ = {isa = PBXFileReference; fileEncoding = 4; lastKnownFileType = sourcecode.cpp.cpp; name = ColorSpaceMaker.cpp; path = ColorSpaceConversion/ColorSpaceMaker.cpp; sourceTree = SOURCE_ROOT; };
		090D28481657F896002ECE01 /* ColorSpaceMaker.h */ = {isa = PBXFileReference; fileEncoding = 4; lastKnownFileType = sourcecode.c.h; name = ColorSpaceMaker.h; path = ColorSpaceConversion/ColorSpaceMaker.h; sourceTree = SOURCE_ROOT; };
		090D284B1657F896002ECE01 /* en */ = {isa = PBXFileReference; lastKnownFileType = text.plist.strings; name = en; path = InfoPlist.strings; sourceTree = "<group>"; };
		090D284D1657F896002ECE01 /* en */ = {isa = PBXFileReference; lastKnownFileType = file.storyboard; name = en; path = MainStoryboard.storyboard; sourceTree = "<group>"; };
		090D284F1657F896002ECE01 /* en */ = {isa = PBXFileReference; lastKnownFileType = text.plist.strings; name = en; path = ColorSpaceConversion/en.lproj/InfoPlist.strings; sourceTree = SOURCE_ROOT; };
		090D28511657F896002ECE01 /* en */ = {isa = PBXFileReference; lastKnownFileType = file.storyboard; name = en; path = ColorSpaceConversion/en.lproj/MainStoryboard.storyboard; sourceTree = SOURCE_ROOT; };
		090D28521657F896002ECE01 /* fruits.jpg */ = {isa = PBXFileReference; lastKnownFileType = image.jpeg; name = fruits.jpg; path = ColorSpaceConversion/fruits.jpg; sourceTree = SOURCE_ROOT; };
		090D28531657F896002ECE01 /* main.m */ = {isa = PBXFileReference; fileEncoding = 4; lastKnownFileType = sourcecode.c.objc; name = main.m; path = ColorSpaceConversion/main.m; sourceTree = SOURCE_ROOT; };
		090D28541657F896002ECE01 /* opencv-logo57.png */ = {isa = PBXFileReference; lastKnownFileType = image.png; name = "opencv-logo57.png"; path = "ColorSpaceConversion/opencv-logo57.png"; sourceTree = SOURCE_ROOT; };
		090D28551657F896002ECE01 /* opencv-logo114.png */ = {isa = PBXFileReference; lastKnownFileType = image.png; name = "opencv-logo114.png"; path = "ColorSpaceConversion/opencv-logo114.png"; sourceTree = SOURCE_ROOT; };
		090D28561657F896002ECE01 /* UIImageCVMatConverter.h */ = {isa = PBXFileReference; fileEncoding = 4; lastKnownFileType = sourcecode.c.h; name = UIImageCVMatConverter.h; path = ColorSpaceConversion/UIImageCVMatConverter.h; sourceTree = SOURCE_ROOT; };
		090D28571657F896002ECE01 /* UIImageCVMatConverter.mm */ = {isa = PBXFileReference; fileEncoding = 4; lastKnownFileType = sourcecode.cpp.objcpp; name = UIImageCVMatConverter.mm; path = ColorSpaceConversion/UIImageCVMatConverter.mm; sourceTree = SOURCE_ROOT; };
		090D28581657F896002ECE01 /* ViewController.h */ = {isa = PBXFileReference; fileEncoding = 4; lastKnownFileType = sourcecode.c.h; name = ViewController.h; path = ColorSpaceConversion/ViewController.h; sourceTree = SOURCE_ROOT; };
		090D28591657F896002ECE01 /* ViewController.mm */ = {isa = PBXFileReference; fileEncoding = 4; lastKnownFileType = sourcecode.cpp.objcpp; name = ViewController.mm; path = ColorSpaceConversion/ViewController.mm; sourceTree = SOURCE_ROOT; };
		090D28781657FF3F002ECE01 /* opencv2.framework */ = {isa = PBXFileReference; lastKnownFileType = wrapper.framework; name = opencv2.framework; path = ../../openCV_Dev/ios/opencv2.framework; sourceTree = "<group>"; };
		0982BE391673B35600620938 /* core */ = {isa = PBXFileReference; fileEncoding = 4; lastKnownFileType = text; name = core; path = ../../openCV_Dev/opencv/modules/core/include/opencv2/core; sourceTree = "<group>"; };
		0982BE3A1673B35600620938 /* src */ = {isa = PBXFileReference; fileEncoding = 4; lastKnownFileType = text; name = src; path = ../../openCV_Dev/opencv/modules/core/src; sourceTree = "<group>"; };
		099AC32E1624580D00E12E63 /* Default-568h@2x.png */ = {isa = PBXFileReference; lastKnownFileType = image.png; path = "Default-568h@2x.png"; sourceTree = "<group>"; };
		09F05FC11676B2FC00EA34B0 /* _geom.h */ = {isa = PBXFileReference; fileEncoding = 4; lastKnownFileType = sourcecode.c.h; path = _geom.h; sourceTree = "<group>"; };
		09F05FC21676B2FC00EA34B0 /* _list.h */ = {isa = PBXFileReference; fileEncoding = 4; lastKnownFileType = sourcecode.c.h; path = _list.h; sourceTree = "<group>"; };
		09F05FC31676B2FC00EA34B0 /* accum.cpp */ = {isa = PBXFileReference; fileEncoding = 4; lastKnownFileType = sourcecode.cpp.cpp; path = accum.cpp; sourceTree = "<group>"; };
		09F05FC41676B2FC00EA34B0 /* approx.cpp */ = {isa = PBXFileReference; fileEncoding = 4; lastKnownFileType = sourcecode.cpp.cpp; path = approx.cpp; sourceTree = "<group>"; };
		09F05FC51676B2FC00EA34B0 /* canny.cpp */ = {isa = PBXFileReference; fileEncoding = 4; lastKnownFileType = sourcecode.cpp.cpp; path = canny.cpp; sourceTree = "<group>"; };
		09F05FC61676B2FC00EA34B0 /* color.cpp */ = {isa = PBXFileReference; fileEncoding = 4; lastKnownFileType = sourcecode.cpp.cpp; path = color.cpp; sourceTree = "<group>"; };
		09F05FC71676B2FC00EA34B0 /* contours.cpp */ = {isa = PBXFileReference; fileEncoding = 4; lastKnownFileType = sourcecode.cpp.cpp; path = contours.cpp; sourceTree = "<group>"; };
		09F05FC81676B2FC00EA34B0 /* convhull.cpp */ = {isa = PBXFileReference; fileEncoding = 4; lastKnownFileType = sourcecode.cpp.cpp; path = convhull.cpp; sourceTree = "<group>"; };
		09F05FC91676B2FC00EA34B0 /* corner.cpp */ = {isa = PBXFileReference; fileEncoding = 4; lastKnownFileType = sourcecode.cpp.cpp; path = corner.cpp; sourceTree = "<group>"; };
		09F05FCA1676B2FC00EA34B0 /* cornersubpix.cpp */ = {isa = PBXFileReference; fileEncoding = 4; lastKnownFileType = sourcecode.cpp.cpp; path = cornersubpix.cpp; sourceTree = "<group>"; };
		09F05FCB1676B2FC00EA34B0 /* deriv.cpp */ = {isa = PBXFileReference; fileEncoding = 4; lastKnownFileType = sourcecode.cpp.cpp; path = deriv.cpp; sourceTree = "<group>"; };
		09F05FCC1676B2FC00EA34B0 /* distransform.cpp */ = {isa = PBXFileReference; fileEncoding = 4; lastKnownFileType = sourcecode.cpp.cpp; path = distransform.cpp; sourceTree = "<group>"; };
		09F05FCD1676B2FC00EA34B0 /* emd.cpp */ = {isa = PBXFileReference; fileEncoding = 4; lastKnownFileType = sourcecode.cpp.cpp; path = emd.cpp; sourceTree = "<group>"; };
		09F05FCE1676B2FC00EA34B0 /* featureselect.cpp */ = {isa = PBXFileReference; fileEncoding = 4; lastKnownFileType = sourcecode.cpp.cpp; path = featureselect.cpp; sourceTree = "<group>"; };
		09F05FCF1676B2FC00EA34B0 /* filter.cpp */ = {isa = PBXFileReference; fileEncoding = 4; lastKnownFileType = sourcecode.cpp.cpp; path = filter.cpp; sourceTree = "<group>"; };
		09F05FD01676B2FC00EA34B0 /* floodfill.cpp */ = {isa = PBXFileReference; fileEncoding = 4; lastKnownFileType = sourcecode.cpp.cpp; path = floodfill.cpp; sourceTree = "<group>"; };
		09F05FD11676B2FC00EA34B0 /* gabor.cpp */ = {isa = PBXFileReference; fileEncoding = 4; lastKnownFileType = sourcecode.cpp.cpp; path = gabor.cpp; sourceTree = "<group>"; };
		09F05FD21676B2FC00EA34B0 /* gcgraph.hpp */ = {isa = PBXFileReference; fileEncoding = 4; lastKnownFileType = sourcecode.cpp.h; path = gcgraph.hpp; sourceTree = "<group>"; };
		09F05FD31676B2FC00EA34B0 /* generalized_hough.cpp */ = {isa = PBXFileReference; fileEncoding = 4; lastKnownFileType = sourcecode.cpp.cpp; path = generalized_hough.cpp; sourceTree = "<group>"; };
		09F05FD41676B2FC00EA34B0 /* geometry.cpp */ = {isa = PBXFileReference; fileEncoding = 4; lastKnownFileType = sourcecode.cpp.cpp; path = geometry.cpp; sourceTree = "<group>"; };
		09F05FD51676B2FC00EA34B0 /* grabcut.cpp */ = {isa = PBXFileReference; fileEncoding = 4; lastKnownFileType = sourcecode.cpp.cpp; path = grabcut.cpp; sourceTree = "<group>"; };
		09F05FD61676B2FC00EA34B0 /* histogram.cpp */ = {isa = PBXFileReference; fileEncoding = 4; lastKnownFileType = sourcecode.cpp.cpp; path = histogram.cpp; sourceTree = "<group>"; };
		09F05FD71676B2FC00EA34B0 /* hough.cpp */ = {isa = PBXFileReference; fileEncoding = 4; lastKnownFileType = sourcecode.cpp.cpp; path = hough.cpp; sourceTree = "<group>"; };
		09F05FD81676B2FC00EA34B0 /* imgwarp.cpp */ = {isa = PBXFileReference; fileEncoding = 4; lastKnownFileType = sourcecode.cpp.cpp; path = imgwarp.cpp; sourceTree = "<group>"; };
		09F05FD91676B2FC00EA34B0 /* linefit.cpp */ = {isa = PBXFileReference; fileEncoding = 4; lastKnownFileType = sourcecode.cpp.cpp; path = linefit.cpp; sourceTree = "<group>"; };
		09F05FDA1676B2FC00EA34B0 /* matchcontours.cpp */ = {isa = PBXFileReference; fileEncoding = 4; lastKnownFileType = sourcecode.cpp.cpp; path = matchcontours.cpp; sourceTree = "<group>"; };
		09F05FDB1676B2FC00EA34B0 /* moments.cpp */ = {isa = PBXFileReference; fileEncoding = 4; lastKnownFileType = sourcecode.cpp.cpp; path = moments.cpp; sourceTree = "<group>"; };
		09F05FDC1676B2FC00EA34B0 /* morph.cpp */ = {isa = PBXFileReference; fileEncoding = 4; lastKnownFileType = sourcecode.cpp.cpp; path = morph.cpp; sourceTree = "<group>"; };
		09F05FDD1676B2FC00EA34B0 /* phasecorr.cpp */ = {isa = PBXFileReference; fileEncoding = 4; lastKnownFileType = sourcecode.cpp.cpp; path = phasecorr.cpp; sourceTree = "<group>"; };
		09F05FDE1676B2FC00EA34B0 /* precomp.cpp */ = {isa = PBXFileReference; fileEncoding = 4; lastKnownFileType = sourcecode.cpp.cpp; path = precomp.cpp; sourceTree = "<group>"; };
		09F05FDF1676B2FC00EA34B0 /* precomp.hpp */ = {isa = PBXFileReference; fileEncoding = 4; lastKnownFileType = sourcecode.cpp.h; path = precomp.hpp; sourceTree = "<group>"; };
		09F05FE01676B2FC00EA34B0 /* pyramids.cpp */ = {isa = PBXFileReference; fileEncoding = 4; lastKnownFileType = sourcecode.cpp.cpp; path = pyramids.cpp; sourceTree = "<group>"; };
		09F05FE11676B2FC00EA34B0 /* rotcalipers.cpp */ = {isa = PBXFileReference; fileEncoding = 4; lastKnownFileType = sourcecode.cpp.cpp; path = rotcalipers.cpp; sourceTree = "<group>"; };
		09F05FE21676B2FC00EA34B0 /* samplers.cpp */ = {isa = PBXFileReference; fileEncoding = 4; lastKnownFileType = sourcecode.cpp.cpp; path = samplers.cpp; sourceTree = "<group>"; };
		09F05FE31676B2FC00EA34B0 /* segmentation.cpp */ = {isa = PBXFileReference; fileEncoding = 4; lastKnownFileType = sourcecode.cpp.cpp; path = segmentation.cpp; sourceTree = "<group>"; };
		09F05FE41676B2FC00EA34B0 /* shapedescr.cpp */ = {isa = PBXFileReference; fileEncoding = 4; lastKnownFileType = sourcecode.cpp.cpp; path = shapedescr.cpp; sourceTree = "<group>"; };
		09F05FE51676B2FC00EA34B0 /* smooth.cpp */ = {isa = PBXFileReference; fileEncoding = 4; lastKnownFileType = sourcecode.cpp.cpp; path = smooth.cpp; sourceTree = "<group>"; };
		09F05FE61676B2FC00EA34B0 /* subdivision2d.cpp */ = {isa = PBXFileReference; fileEncoding = 4; lastKnownFileType = sourcecode.cpp.cpp; path = subdivision2d.cpp; sourceTree = "<group>"; };
		09F05FE71676B2FC00EA34B0 /* sumpixels.cpp */ = {isa = PBXFileReference; fileEncoding = 4; lastKnownFileType = sourcecode.cpp.cpp; path = sumpixels.cpp; sourceTree = "<group>"; };
		09F05FE81676B2FC00EA34B0 /* tables.cpp */ = {isa = PBXFileReference; fileEncoding = 4; lastKnownFileType = sourcecode.cpp.cpp; path = tables.cpp; sourceTree = "<group>"; };
		09F05FE91676B2FC00EA34B0 /* templmatch.cpp */ = {isa = PBXFileReference; fileEncoding = 4; lastKnownFileType = sourcecode.cpp.cpp; path = templmatch.cpp; sourceTree = "<group>"; };
		09F05FEA1676B2FC00EA34B0 /* thresh.cpp */ = {isa = PBXFileReference; fileEncoding = 4; lastKnownFileType = sourcecode.cpp.cpp; path = thresh.cpp; sourceTree = "<group>"; };
		09F05FEB1676B2FC00EA34B0 /* undistort.cpp */ = {isa = PBXFileReference; fileEncoding = 4; lastKnownFileType = sourcecode.cpp.cpp; path = undistort.cpp; sourceTree = "<group>"; };
		09F05FEC1676B2FC00EA34B0 /* utils.cpp */ = {isa = PBXFileReference; fileEncoding = 4; lastKnownFileType = sourcecode.cpp.cpp; path = utils.cpp; sourceTree = "<group>"; };
		B553DE7E1581157500855F6F /* ColorSpaceConversion.app */ = {isa = PBXFileReference; explicitFileType = wrapper.application; includeInIndex = 0; path = ColorSpaceConversion.app; sourceTree = BUILT_PRODUCTS_DIR; };
		B553DE821581157500855F6F /* UIKit.framework */ = {isa = PBXFileReference; lastKnownFileType = wrapper.framework; name = UIKit.framework; path = System/Library/Frameworks/UIKit.framework; sourceTree = SDKROOT; };
		B553DE841581157500855F6F /* Foundation.framework */ = {isa = PBXFileReference; lastKnownFileType = wrapper.framework; name = Foundation.framework; path = System/Library/Frameworks/Foundation.framework; sourceTree = SDKROOT; };
		B553DE861581157500855F6F /* CoreGraphics.framework */ = {isa = PBXFileReference; lastKnownFileType = wrapper.framework; name = CoreGraphics.framework; path = System/Library/Frameworks/CoreGraphics.framework; sourceTree = SDKROOT; };
/* End PBXFileReference section */

/* Begin PBXFrameworksBuildPhase section */
		B553DE7B1581157500855F6F /* Frameworks */ = {
			isa = PBXFrameworksBuildPhase;
			buildActionMask = 2147483647;
			files = (
				090D28791657FF3F002ECE01 /* opencv2.framework in Frameworks */,
				B553DE831581157500855F6F /* UIKit.framework in Frameworks */,
				B553DE851581157500855F6F /* Foundation.framework in Frameworks */,
				B553DE871581157500855F6F /* CoreGraphics.framework in Frameworks */,
			);
			runOnlyForDeploymentPostprocessing = 0;
		};
/* End PBXFrameworksBuildPhase section */

/* Begin PBXGroup section */
		090D28491657F896002ECE01 /* en.lproj */ = {
			isa = PBXGroup;
			children = (
				090D284A1657F896002ECE01 /* InfoPlist.strings */,
				090D284C1657F896002ECE01 /* MainStoryboard.storyboard */,
			);
			name = en.lproj;
			path = ColorSpaceConversion/en.lproj;
			sourceTree = SOURCE_ROOT;
		};
		090D28671657FA37002ECE01 /* OpenCV */ = {
			isa = PBXGroup;
			children = (
				09F05FC01676B2FC00EA34B0 /* src */,
				0982BE391673B35600620938 /* core */,
				0982BE3A1673B35600620938 /* src */,
			);
			name = OpenCV;
			path = OpenCViPhoneApplication1;
			sourceTree = "<group>";
		};
		09F05FC01676B2FC00EA34B0 /* src */ = {
			isa = PBXGroup;
			children = (
				09F05FC11676B2FC00EA34B0 /* _geom.h */,
				09F05FC21676B2FC00EA34B0 /* _list.h */,
				09F05FC31676B2FC00EA34B0 /* accum.cpp */,
				09F05FC41676B2FC00EA34B0 /* approx.cpp */,
				09F05FC51676B2FC00EA34B0 /* canny.cpp */,
				09F05FC61676B2FC00EA34B0 /* color.cpp */,
				09F05FC71676B2FC00EA34B0 /* contours.cpp */,
				09F05FC81676B2FC00EA34B0 /* convhull.cpp */,
				09F05FC91676B2FC00EA34B0 /* corner.cpp */,
				09F05FCA1676B2FC00EA34B0 /* cornersubpix.cpp */,
				09F05FCB1676B2FC00EA34B0 /* deriv.cpp */,
				09F05FCC1676B2FC00EA34B0 /* distransform.cpp */,
				09F05FCD1676B2FC00EA34B0 /* emd.cpp */,
				09F05FCE1676B2FC00EA34B0 /* featureselect.cpp */,
				09F05FCF1676B2FC00EA34B0 /* filter.cpp */,
				09F05FD01676B2FC00EA34B0 /* floodfill.cpp */,
				09F05FD11676B2FC00EA34B0 /* gabor.cpp */,
				09F05FD21676B2FC00EA34B0 /* gcgraph.hpp */,
				09F05FD31676B2FC00EA34B0 /* generalized_hough.cpp */,
				09F05FD41676B2FC00EA34B0 /* geometry.cpp */,
				09F05FD51676B2FC00EA34B0 /* grabcut.cpp */,
				09F05FD61676B2FC00EA34B0 /* histogram.cpp */,
				09F05FD71676B2FC00EA34B0 /* hough.cpp */,
				09F05FD81676B2FC00EA34B0 /* imgwarp.cpp */,
				09F05FD91676B2FC00EA34B0 /* linefit.cpp */,
				09F05FDA1676B2FC00EA34B0 /* matchcontours.cpp */,
				09F05FDB1676B2FC00EA34B0 /* moments.cpp */,
				09F05FDC1676B2FC00EA34B0 /* morph.cpp */,
				09F05FDD1676B2FC00EA34B0 /* phasecorr.cpp */,
				09F05FDE1676B2FC00EA34B0 /* precomp.cpp */,
				09F05FDF1676B2FC00EA34B0 /* precomp.hpp */,
				09F05FE01676B2FC00EA34B0 /* pyramids.cpp */,
				09F05FE11676B2FC00EA34B0 /* rotcalipers.cpp */,
				09F05FE21676B2FC00EA34B0 /* samplers.cpp */,
				09F05FE31676B2FC00EA34B0 /* segmentation.cpp */,
				09F05FE41676B2FC00EA34B0 /* shapedescr.cpp */,
				09F05FE51676B2FC00EA34B0 /* smooth.cpp */,
				09F05FE61676B2FC00EA34B0 /* subdivision2d.cpp */,
				09F05FE71676B2FC00EA34B0 /* sumpixels.cpp */,
				09F05FE81676B2FC00EA34B0 /* tables.cpp */,
				09F05FE91676B2FC00EA34B0 /* templmatch.cpp */,
				09F05FEA1676B2FC00EA34B0 /* thresh.cpp */,
				09F05FEB1676B2FC00EA34B0 /* undistort.cpp */,
				09F05FEC1676B2FC00EA34B0 /* utils.cpp */,
			);
			name = src;
			path = ../../openCV_Dev/opencv/modules/imgproc/src;
			sourceTree = "<group>";
		};
		B553DE731581157400855F6F = {
			isa = PBXGroup;
			children = (
				099AC32E1624580D00E12E63 /* Default-568h@2x.png */,
				B553DE881581157500855F6F /* ColorSpaceConversion */,
				B553DE811581157500855F6F /* Frameworks */,
				B553DE7F1581157500855F6F /* Products */,
				090D28671657FA37002ECE01 /* OpenCV */,
			);
			sourceTree = "<group>";
		};
		B553DE7F1581157500855F6F /* Products */ = {
			isa = PBXGroup;
			children = (
				B553DE7E1581157500855F6F /* ColorSpaceConversion.app */,
			);
			name = Products;
			sourceTree = "<group>";
		};
		B553DE811581157500855F6F /* Frameworks */ = {
			isa = PBXGroup;
			children = (
				090D28781657FF3F002ECE01 /* opencv2.framework */,
				B553DE821581157500855F6F /* UIKit.framework */,
				B553DE841581157500855F6F /* Foundation.framework */,
				B553DE861581157500855F6F /* CoreGraphics.framework */,
			);
			name = Frameworks;
			sourceTree = "<group>";
		};
		B553DE881581157500855F6F /* ColorSpaceConversion */ = {
			isa = PBXGroup;
			children = (
				090D28431657F896002ECE01 /* AppDelegate.h */,
				090D28441657F896002ECE01 /* AppDelegate.m */,
				090D28491657F896002ECE01 /* en.lproj */,
				090D28561657F896002ECE01 /* UIImageCVMatConverter.h */,
				090D28571657F896002ECE01 /* UIImageCVMatConverter.mm */,
				090D28581657F896002ECE01 /* ViewController.h */,
				090D28591657F896002ECE01 /* ViewController.mm */,
				B553DE891581157500855F6F /* Supporting Files */,
			);
			name = ColorSpaceConversion;
			path = OpenCViPhoneApplication1;
			sourceTree = "<group>";
		};
		B553DE891581157500855F6F /* Supporting Files */ = {
			isa = PBXGroup;
			children = (
				090D284E1657F896002ECE01 /* InfoPlist.strings */,
				090D28501657F896002ECE01 /* MainStoryboard.storyboard */,
				090D28521657F896002ECE01 /* fruits.jpg */,
				090D28531657F896002ECE01 /* main.m */,
				090D28541657F896002ECE01 /* opencv-logo57.png */,
				090D28551657F896002ECE01 /* opencv-logo114.png */,
				090D28451657F896002ECE01 /* ColorSpaceConversion-Info.plist */,
				090D28461657F896002ECE01 /* ColorSpaceConversion-Prefix.pch */,
				090D28471657F896002ECE01 /* ColorSpaceMaker.cpp */,
				090D28481657F896002ECE01 /* ColorSpaceMaker.h */,
			);
			name = "Supporting Files";
			sourceTree = "<group>";
		};
/* End PBXGroup section */

/* Begin PBXNativeTarget section */
		B553DE7D1581157500855F6F /* ColorSpaceConversion */ = {
			isa = PBXNativeTarget;
			buildConfigurationList = B553DE9C1581157500855F6F /* Build configuration list for PBXNativeTarget "ColorSpaceConversion" */;
			buildPhases = (
				B553DE7A1581157500855F6F /* Sources */,
				B553DE7B1581157500855F6F /* Frameworks */,
				B553DE7C1581157500855F6F /* Resources */,
			);
			buildRules = (
			);
			dependencies = (
			);
			name = ColorSpaceConversion;
			productName = OpenCViPhoneApplication1;
			productReference = B553DE7E1581157500855F6F /* ColorSpaceConversion.app */;
			productType = "com.apple.product-type.application";
		};
/* End PBXNativeTarget section */

/* Begin PBXProject section */
		B553DE751581157400855F6F /* Project object */ = {
			isa = PBXProject;
			attributes = {
				LastUpgradeCheck = 0430;
				ORGANIZATIONNAME = "University of Houston - Main Campus";
			};
			buildConfigurationList = B553DE781581157400855F6F /* Build configuration list for PBXProject "ColorSpaceConversion" */;
			compatibilityVersion = "Xcode 3.2";
			developmentRegion = English;
			hasScannedForEncodings = 0;
			knownRegions = (
				en,
			);
			mainGroup = B553DE731581157400855F6F;
			productRefGroup = B553DE7F1581157500855F6F /* Products */;
			projectDirPath = "";
			projectRoot = "";
			targets = (
				B553DE7D1581157500855F6F /* ColorSpaceConversion */,
			);
		};
/* End PBXProject section */

/* Begin PBXResourcesBuildPhase section */
		B553DE7C1581157500855F6F /* Resources */ = {
			isa = PBXResourcesBuildPhase;
			buildActionMask = 2147483647;
			files = (
				099AC32F1624580D00E12E63 /* Default-568h@2x.png in Resources */,
				090D285B1657F896002ECE01 /* ColorSpaceConversion-Info.plist in Resources */,
				090D285D1657F896002ECE01 /* InfoPlist.strings in Resources */,
				090D285E1657F896002ECE01 /* MainStoryboard.storyboard in Resources */,
				090D285F1657F896002ECE01 /* InfoPlist.strings in Resources */,
				090D28601657F896002ECE01 /* MainStoryboard.storyboard in Resources */,
				090D28611657F896002ECE01 /* fruits.jpg in Resources */,
				090D28631657F896002ECE01 /* opencv-logo57.png in Resources */,
				090D28641657F896002ECE01 /* opencv-logo114.png in Resources */,
			);
			runOnlyForDeploymentPostprocessing = 0;
		};
/* End PBXResourcesBuildPhase section */

/* Begin PBXSourcesBuildPhase section */
		B553DE7A1581157500855F6F /* Sources */ = {
			isa = PBXSourcesBuildPhase;
			buildActionMask = 2147483647;
			files = (
				090D285A1657F896002ECE01 /* AppDelegate.m in Sources */,
				090D285C1657F896002ECE01 /* ColorSpaceMaker.cpp in Sources */,
				090D28621657F896002ECE01 /* main.m in Sources */,
				090D28651657F896002ECE01 /* UIImageCVMatConverter.mm in Sources */,
				090D28661657F896002ECE01 /* ViewController.mm in Sources */,
				09F05FED1676B2FC00EA34B0 /* accum.cpp in Sources */,
				09F05FEE1676B2FC00EA34B0 /* approx.cpp in Sources */,
				09F05FEF1676B2FC00EA34B0 /* canny.cpp in Sources */,
				09F05FF01676B2FC00EA34B0 /* color.cpp in Sources */,
				09F05FF11676B2FC00EA34B0 /* contours.cpp in Sources */,
				09F05FF21676B2FC00EA34B0 /* convhull.cpp in Sources */,
				09F05FF31676B2FC00EA34B0 /* corner.cpp in Sources */,
				09F05FF41676B2FC00EA34B0 /* cornersubpix.cpp in Sources */,
				09F05FF51676B2FC00EA34B0 /* deriv.cpp in Sources */,
				09F05FF61676B2FC00EA34B0 /* distransform.cpp in Sources */,
				09F05FF71676B2FC00EA34B0 /* emd.cpp in Sources */,
				09F05FF81676B2FC00EA34B0 /* featureselect.cpp in Sources */,
				09F05FF91676B2FC00EA34B0 /* filter.cpp in Sources */,
				09F05FFA1676B2FC00EA34B0 /* floodfill.cpp in Sources */,
				09F05FFB1676B2FC00EA34B0 /* gabor.cpp in Sources */,
				09F05FFC1676B2FC00EA34B0 /* generalized_hough.cpp in Sources */,
				09F05FFD1676B2FC00EA34B0 /* geometry.cpp in Sources */,
				09F05FFE1676B2FC00EA34B0 /* grabcut.cpp in Sources */,
				09F05FFF1676B2FC00EA34B0 /* histogram.cpp in Sources */,
				09F060001676B2FC00EA34B0 /* hough.cpp in Sources */,
				09F060011676B2FC00EA34B0 /* imgwarp.cpp in Sources */,
				09F060021676B2FC00EA34B0 /* linefit.cpp in Sources */,
				09F060031676B2FC00EA34B0 /* matchcontours.cpp in Sources */,
				09F060041676B2FC00EA34B0 /* moments.cpp in Sources */,
				09F060051676B2FC00EA34B0 /* morph.cpp in Sources */,
				09F060061676B2FC00EA34B0 /* phasecorr.cpp in Sources */,
				09F060071676B2FC00EA34B0 /* precomp.cpp in Sources */,
				09F060081676B2FC00EA34B0 /* pyramids.cpp in Sources */,
				09F060091676B2FC00EA34B0 /* rotcalipers.cpp in Sources */,
				09F0600A1676B2FC00EA34B0 /* samplers.cpp in Sources */,
				09F0600B1676B2FC00EA34B0 /* segmentation.cpp in Sources */,
				09F0600C1676B2FC00EA34B0 /* shapedescr.cpp in Sources */,
				09F0600D1676B2FC00EA34B0 /* smooth.cpp in Sources */,
				09F0600E1676B2FC00EA34B0 /* subdivision2d.cpp in Sources */,
				09F0600F1676B2FC00EA34B0 /* sumpixels.cpp in Sources */,
				09F060101676B2FC00EA34B0 /* tables.cpp in Sources */,
				09F060111676B2FC00EA34B0 /* templmatch.cpp in Sources */,
				09F060121676B2FC00EA34B0 /* thresh.cpp in Sources */,
				09F060131676B2FC00EA34B0 /* undistort.cpp in Sources */,
				09F060141676B2FC00EA34B0 /* utils.cpp in Sources */,
			);
			runOnlyForDeploymentPostprocessing = 0;
		};
/* End PBXSourcesBuildPhase section */

/* Begin PBXVariantGroup section */
		090D284A1657F896002ECE01 /* InfoPlist.strings */ = {
			isa = PBXVariantGroup;
			children = (
				090D284B1657F896002ECE01 /* en */,
			);
			name = InfoPlist.strings;
			sourceTree = "<group>";
		};
		090D284C1657F896002ECE01 /* MainStoryboard.storyboard */ = {
			isa = PBXVariantGroup;
			children = (
				090D284D1657F896002ECE01 /* en */,
			);
			name = MainStoryboard.storyboard;
			sourceTree = "<group>";
		};
		090D284E1657F896002ECE01 /* InfoPlist.strings */ = {
			isa = PBXVariantGroup;
			children = (
				090D284F1657F896002ECE01 /* en */,
			);
			name = InfoPlist.strings;
			sourceTree = "<group>";
		};
		090D28501657F896002ECE01 /* MainStoryboard.storyboard */ = {
			isa = PBXVariantGroup;
			children = (
				090D28511657F896002ECE01 /* en */,
			);
			name = MainStoryboard.storyboard;
			sourceTree = "<group>";
		};
/* End PBXVariantGroup section */

/* Begin XCBuildConfiguration section */
		B553DE9A1581157500855F6F /* Debug */ = {
			isa = XCBuildConfiguration;
			buildSettings = {
				ALWAYS_SEARCH_USER_PATHS = NO;
				ARCHS = "$(ARCHS_STANDARD_32_BIT)";
				CLANG_ENABLE_OBJC_ARC = YES;
				"CODE_SIGN_IDENTITY[sdk=iphoneos*]" = "iPhone Developer";
				COPY_PHASE_STRIP = NO;
				GCC_C_LANGUAGE_STANDARD = gnu99;
				GCC_DYNAMIC_NO_PIC = NO;
				GCC_OPTIMIZATION_LEVEL = 0;
				GCC_PREPROCESSOR_DEFINITIONS = (
					"DEBUG=1",
					"$(inherited)",
				);
				GCC_SYMBOLS_PRIVATE_EXTERN = NO;
				GCC_VERSION = com.apple.compilers.llvm.clang.1_0;
				GCC_WARN_ABOUT_RETURN_TYPE = YES;
				GCC_WARN_UNINITIALIZED_AUTOS = YES;
				GCC_WARN_UNUSED_VARIABLE = YES;
				IPHONEOS_DEPLOYMENT_TARGET = 5.1;
				SDKROOT = iphoneos;
			};
			name = Debug;
		};
		B553DE9B1581157500855F6F /* Release */ = {
			isa = XCBuildConfiguration;
			buildSettings = {
				ALWAYS_SEARCH_USER_PATHS = NO;
				ARCHS = "$(ARCHS_STANDARD_32_BIT)";
				CLANG_ENABLE_OBJC_ARC = YES;
				"CODE_SIGN_IDENTITY[sdk=iphoneos*]" = "iPhone Developer";
				COPY_PHASE_STRIP = YES;
				GCC_C_LANGUAGE_STANDARD = gnu99;
				GCC_VERSION = com.apple.compilers.llvm.clang.1_0;
				GCC_WARN_ABOUT_RETURN_TYPE = YES;
				GCC_WARN_UNINITIALIZED_AUTOS = YES;
				GCC_WARN_UNUSED_VARIABLE = YES;
				IPHONEOS_DEPLOYMENT_TARGET = 5.1;
				OTHER_CFLAGS = "-DNS_BLOCK_ASSERTIONS=1";
				SDKROOT = iphoneos;
				VALIDATE_PRODUCT = YES;
			};
			name = Release;
		};
		B553DE9D1581157500855F6F /* Debug */ = {
			isa = XCBuildConfiguration;
			buildSettings = {
				FRAMEWORK_SEARCH_PATHS = (
					"$(inherited)",
					"\"$(SRCROOT)/../../openCV_Dev/ios\"",
				);
				GCC_PRECOMPILE_PREFIX_HEADER = YES;
				GCC_PREFIX_HEADER = "ColorSpaceConversion/ColorSpaceConversion-Prefix.pch";
				HEADER_SEARCH_PATHS = "";
				INFOPLIST_FILE = "ColorSpaceConversion/ColorSpaceConversion-info.plist";
				LIBRARY_SEARCH_PATHS = "";
				OTHER_LDFLAGS = "";
				PRODUCT_NAME = ColorSpaceConversion;
				WRAPPER_EXTENSION = app;
			};
			name = Debug;
		};
		B553DE9E1581157500855F6F /* Release */ = {
			isa = XCBuildConfiguration;
			buildSettings = {
				FRAMEWORK_SEARCH_PATHS = (
					"$(inherited)",
					"\"$(SRCROOT)/../../openCV_Dev/ios\"",
				);
				GCC_PRECOMPILE_PREFIX_HEADER = YES;
				GCC_PREFIX_HEADER = "ColorSpaceConversion/ColorSpaceConversion-Prefix.pch";
				HEADER_SEARCH_PATHS = "";
				INFOPLIST_FILE = "ColorSpaceConversion/ColorSpaceConversion-info.plist";
				LIBRARY_SEARCH_PATHS = "";
				OTHER_LDFLAGS = "";
				PRODUCT_NAME = ColorSpaceConversion;
				WRAPPER_EXTENSION = app;
			};
			name = Release;
		};
/* End XCBuildConfiguration section */

/* Begin XCConfigurationList section */
		B553DE781581157400855F6F /* Build configuration list for PBXProject "ColorSpaceConversion" */ = {
			isa = XCConfigurationList;
			buildConfigurations = (
				B553DE9A1581157500855F6F /* Debug */,
				B553DE9B1581157500855F6F /* Release */,
			);
			defaultConfigurationIsVisible = 0;
			defaultConfigurationName = Release;
		};
		B553DE9C1581157500855F6F /* Build configuration list for PBXNativeTarget "ColorSpaceConversion" */ = {
			isa = XCConfigurationList;
			buildConfigurations = (
				B553DE9D1581157500855F6F /* Debug */,
				B553DE9E1581157500855F6F /* Release */,
			);
			defaultConfigurationIsVisible = 0;
			defaultConfigurationName = Release;
		};
/* End XCConfigurationList section */
	};
	rootObject = B553DE751581157400855F6F /* Project object */;
}
